
Microsoft Visual Studio Solution File, Format Version 12.00
# Visual Studio 15
VisualStudioVersion = 15.0.26430.14
MinimumVisualStudioVersion = 10.0.40219.1
Project("{FAE04EC0-301F-11D3-BF4B-00C04F79EFBC}") = "CSharp", "CSharp\CSharp.csproj", "{DA263DE4-6610-42DE-B2BB-DCEF06115FA0}"
EndProject
Project("{FAE04EC0-301F-11D3-BF4B-00C04F79EFBC}") = "CarLibrary", "CarLibrary\CarLibrary.csproj", "{8E5CD107-A3E0-4C96-9A18-A2F294678802}"
EndProject
Project("{FAE04EC0-301F-11D3-BF4B-00C04F79EFBC}") = "LateBindingApp", "LateBindingApp\LateBindingApp.csproj", "{74E3FFF6-EC14-4D5D-BE74-DA789A5297BD}"
EndProject
Project("{FAE04EC0-301F-11D3-BF4B-00C04F79EFBC}") = "CommonSnappableTypes", "CommonSnappableTypes\CommonSnappableTypes.csproj", "{A23B10D2-5F0F-4CFA-B97A-0BF583A7053F}"
EndProject
Project("{FAE04EC0-301F-11D3-BF4B-00C04F79EFBC}") = "CSharpSnapIn", "CSharpSnapIn\CSharpSnapIn.csproj", "{B0C6CEBE-4696-4DD3-8D24-3E21E611C2AB}"
EndProject
Project("{F184B08F-C81C-45F6-A57F-5ABD9991F28F}") = "VbSnapIn", "VbSnapIn\VbSnapIn.vbproj", "{07DDB942-FA1B-4686-AD75-A6D0CA138611}"
EndProject
Project("{FAE04EC0-301F-11D3-BF4B-00C04F79EFBC}") = "MyExtendableApp", "MyExtendableApp\MyExtendableApp.csproj", "{1E9B8FB4-A774-4BEC-A404-2439D2F99F23}"
EndProject
Global
	GlobalSection(SolutionConfigurationPlatforms) = preSolution
		Debug|Any CPU = Debug|Any CPU
		Release|Any CPU = Release|Any CPU
	EndGlobalSection
	GlobalSection(ProjectConfigurationPlatforms) = postSolution
		{DA263DE4-6610-42DE-B2BB-DCEF06115FA0}.Debug|Any CPU.ActiveCfg = Debug|Any CPU
		{DA263DE4-6610-42DE-B2BB-DCEF06115FA0}.Debug|Any CPU.Build.0 = Debug|Any CPU
		{DA263DE4-6610-42DE-B2BB-DCEF06115FA0}.Release|Any CPU.ActiveCfg = Release|Any CPU
		{DA263DE4-6610-42DE-B2BB-DCEF06115FA0}.Release|Any CPU.Build.0 = Release|Any CPU
		{8E5CD107-A3E0-4C96-9A18-A2F294678802}.Debug|Any CPU.ActiveCfg = Debug|Any CPU
		{8E5CD107-A3E0-4C96-9A18-A2F294678802}.Debug|Any CPU.Build.0 = Debug|Any CPU
		{8E5CD107-A3E0-4C96-9A18-A2F294678802}.Release|Any CPU.ActiveCfg = Release|Any CPU
		{8E5CD107-A3E0-4C96-9A18-A2F294678802}.Release|Any CPU.Build.0 = Release|Any CPU
		{74E3FFF6-EC14-4D5D-BE74-DA789A5297BD}.Debug|Any CPU.ActiveCfg = Debug|Any CPU
		{74E3FFF6-EC14-4D5D-BE74-DA789A5297BD}.Debug|Any CPU.Build.0 = Debug|Any CPU
		{74E3FFF6-EC14-4D5D-BE74-DA789A5297BD}.Release|Any CPU.ActiveCfg = Release|Any CPU
		{74E3FFF6-EC14-4D5D-BE74-DA789A5297BD}.Release|Any CPU.Build.0 = Release|Any CPU
		{A23B10D2-5F0F-4CFA-B97A-0BF583A7053F}.Debug|Any CPU.ActiveCfg = Debug|Any CPU
		{A23B10D2-5F0F-4CFA-B97A-0BF583A7053F}.Debug|Any CPU.Build.0 = Debug|Any CPU
		{A23B10D2-5F0F-4CFA-B97A-0BF583A7053F}.Release|Any CPU.ActiveCfg = Release|Any CPU
		{A23B10D2-5F0F-4CFA-B97A-0BF583A7053F}.Release|Any CPU.Build.0 = Release|Any CPU
		{B0C6CEBE-4696-4DD3-8D24-3E21E611C2AB}.Debug|Any CPU.ActiveCfg = Debug|Any CPU
		{B0C6CEBE-4696-4DD3-8D24-3E21E611C2AB}.Debug|Any CPU.Build.0 = Debug|Any CPU
		{B0C6CEBE-4696-4DD3-8D24-3E21E611C2AB}.Release|Any CPU.ActiveCfg = Release|Any CPU
		{B0C6CEBE-4696-4DD3-8D24-3E21E611C2AB}.Release|Any CPU.Build.0 = Release|Any CPU
		{07DDB942-FA1B-4686-AD75-A6D0CA138611}.Debug|Any CPU.ActiveCfg = Debug|Any CPU
		{07DDB942-FA1B-4686-AD75-A6D0CA138611}.Debug|Any CPU.Build.0 = Debug|Any CPU
		{07DDB942-FA1B-4686-AD75-A6D0CA138611}.Release|Any CPU.ActiveCfg = Release|Any CPU
		{07DDB942-FA1B-4686-AD75-A6D0CA138611}.Release|Any CPU.Build.0 = Release|Any CPU
		{1E9B8FB4-A774-4BEC-A404-2439D2F99F23}.Debug|Any CPU.ActiveCfg = Debug|Any CPU
		{1E9B8FB4-A774-4BEC-A404-2439D2F99F23}.Debug|Any CPU.Build.0 = Debug|Any CPU
		{1E9B8FB4-A774-4BEC-A404-2439D2F99F23}.Release|Any CPU.ActiveCfg = Release|Any CPU
		{1E9B8FB4-A774-4BEC-A404-2439D2F99F23}.Release|Any CPU.Build.0 = Release|Any CPU
	EndGlobalSection
	GlobalSection(SolutionProperties) = preSolution
		HideSolutionNode = FALSE
	EndGlobalSection
EndGlobal
