
Microsoft Visual Studio Solution File, Format Version 12.00
# Visual Studio 15
VisualStudioVersion = 15.0.26430.14
MinimumVisualStudioVersion = 10.0.40219.1
Project("{FAE04EC0-301F-11D3-BF4B-00C04F79EFBC}") = "CSharp", "CSharp\CSharp.csproj", "{DA263DE4-6610-42DE-B2BB-DCEF06115FA0}"
EndProject
Project("{FAE04EC0-301F-11D3-BF4B-00C04F79EFBC}") = "CarLibrary", "CarLibrary\CarLibrary.csproj", "{8E5CD107-A3E0-4C96-9A18-A2F294678802}"
EndProject
Project("{FAE04EC0-301F-11D3-BF4B-00C04F79EFBC}") = "LateBindingApp", "LateBindingApp\LateBindingApp.csproj", "{74E3FFF6-EC14-4D5D-BE74-DA789A5297BD}"
EndProject
Project("{FAE04EC0-301F-11D3-BF4B-00C04F79EFBC}") = "CommonSnappableTypes", "CommonSnappableTypes\CommonSnappableTypes.csproj", "{A23B10D2-5F0F-4CFA-B97A-0BF583A7053F}"
EndProject
Project("{FAE04EC0-301F-11D3-BF4B-00C04F79EFBC}") = "CSharpSnapIn", "CSharpSnapIn\CSharpSnapIn.csproj", "{B0C6CEBE-4696-4DD3-8D24-3E21E611C2AB}"
EndProject
Project("{F184B08F-C81C-45F6-A57F-5ABD9991F28F}") = "VbSnapIn", "VbSnapIn\VbSnapIn.vbproj", "{07DDB942-FA1B-4686-AD75-A6D0CA138611}"
EndProject
Project("{FAE04EC0-301F-11D3-BF4B-00C04F79EFBC}") = "MyExtendableApp", "MyExtendableApp\MyExtendableApp.csproj", "{1E9B8FB4-A774-4BEC-A404-2439D2F99F23}"
EndProject
Project("{FAE04EC0-301F-11D3-BF4B-00C04F79EFBC}") = "LateBindingWithDynamic", "LateBindingWithDynamic\LateBindingWithDynamic.csproj", "{E1BF1F60-A9E0-41C3-A36E-E6FE72968A78}"
EndProject
Project("{FAE04EC0-301F-11D3-BF4B-00C04F79EFBC}") = "MathLibrary", "MathLibrary\MathLibrary.csproj", "{DCAC1308-4F89-4C1E-BE9E-37EB98CCD676}"
EndProject
Project("{FAE04EC0-301F-11D3-BF4B-00C04F79EFBC}") = "ExportDataToOfficeApp", "ExportDataToOfficeApp\ExportDataToOfficeApp.csproj", "{6D844F35-651F-4EFD-8996-9DB9F8BC44AC}"
EndProject
Project("{FAE04EC0-301F-11D3-BF4B-00C04F79EFBC}") = "DefaultAppDomainApp", "DefaultAppDomainApp\DefaultAppDomainApp.csproj", "{303333EE-4008-4F40-96D8-5D4407492131}"
EndProject
Project("{FAE04EC0-301F-11D3-BF4B-00C04F79EFBC}") = "CustomAppDomains", "CustomAppDomains\CustomAppDomains.csproj", "{9BC1C07B-E6DF-4CA2-B018-D91838BFD9F0}"
EndProject
Project("{FAE04EC0-301F-11D3-BF4B-00C04F79EFBC}") = "ObjectContextApp", "ObjectContextApp\ObjectContextApp.csproj", "{B1BDDDB3-1C88-4C4D-B4B2-E560720A79C7}"
EndProject
Project("{FAE04EC0-301F-11D3-BF4B-00C04F79EFBC}") = "SyncDelegateReview", "SyncDelegateReview\SyncDelegateReview.csproj", "{F95EF700-34B4-405B-86C9-D9403FB74FCC}"
EndProject
Project("{FAE04EC0-301F-11D3-BF4B-00C04F79EFBC}") = "AsyncCallbackDelegate", "AsyncCallbackDelegate\AsyncCallbackDelegate.csproj", "{D30FBC95-6F00-4A2E-8E40-62D320403369}"
EndProject
Project("{FAE04EC0-301F-11D3-BF4B-00C04F79EFBC}") = "ThreadStats", "ThreadStats\ThreadStats.csproj", "{F49B3108-AC4F-44C4-8278-7D39BC31EF9E}"
EndProject
Project("{FAE04EC0-301F-11D3-BF4B-00C04F79EFBC}") = "SimpleMultiThreadApp", "SimpleMultiThreadApp\SimpleMultiThreadApp.csproj", "{A675D323-77FD-4D6D-AC1D-8EAF4707EA77}"
EndProject
Project("{FAE04EC0-301F-11D3-BF4B-00C04F79EFBC}") = "AddWithThreads", "AddWithThreads\AddWithThreads.csproj", "{B7EA3F90-C84F-4C71-9585-0A2E6AE66E74}"
EndProject
Project("{FAE04EC0-301F-11D3-BF4B-00C04F79EFBC}") = "TimerApp", "TimerApp\TimerApp.csproj", "{65B7B754-A36D-40D4-9B8D-5D887C7D0B89}"
EndProject
Project("{FAE04EC0-301F-11D3-BF4B-00C04F79EFBC}") = "ThreadPoolApp", "E:\学习\新西兰学习\C#\csharp-6.0-and-.net-4.6-master\9781484213339\9781484213339_Ch19_CodeSamples\Chapter_19\ThreadPoolApp\ThreadPoolApp.csproj", "{0A42EE2C-DC85-4FAF-8271-E414A255F502}"
EndProject
Project("{FAE04EC0-301F-11D3-BF4B-00C04F79EFBC}") = "PLINQDataProcessingWithCancellation", "PLINQDataProcessingWithCancellation\PLINQDataProcessingWithCancellation.csproj", "{A61DDCFA-024B-4F77-B5AB-E33EC612F17A}"
EndProject
Project("{FAE04EC0-301F-11D3-BF4B-00C04F79EFBC}") = "CSharpAsync", "CSharpAsync\CSharpAsync.csproj", "{6135338F-93D1-4D64-8416-4F2716A96066}"
EndProject
Project("{FAE04EC0-301F-11D3-BF4B-00C04F79EFBC}") = "DirectoryApp", "DirectoryApp\DirectoryApp.csproj", "{22578354-16E2-4C28-B1D1-58F8E23CC45D}"
EndProject
Project("{FAE04EC0-301F-11D3-BF4B-00C04F79EFBC}") = "BinaryWriterReader", "BinaryWriterReader\BinaryWriterReader.csproj", "{25703D6A-9FDC-4AED-9CDF-C0ECFAAD375D}"
EndProject
Project("{FAE04EC0-301F-11D3-BF4B-00C04F79EFBC}") = "MyDirectoryWatcher", "MyDirectoryWatcher\MyDirectoryWatcher.csproj", "{22664CE6-8FF9-44BA-AF74-BB25C3FF3F1D}"
EndProject
Project("{FAE04EC0-301F-11D3-BF4B-00C04F79EFBC}") = "FunOfBoxes", "FunOfBoxes\FunOfBoxes.csproj", "{95FCD9D9-8512-475B-8996-83234B2E76AA}"
EndProject
Project("{FAE04EC0-301F-11D3-BF4B-00C04F79EFBC}") = "MyConnectionFactory", "MyConnectionFactory\MyConnectionFactory.csproj", "{982B86F0-EBF1-421D-BE1A-948430B35705}"
EndProject
Project("{FAE04EC0-301F-11D3-BF4B-00C04F79EFBC}") = "DataProviderFactory", "DataProviderFactory\DataProviderFactory.csproj", "{A7D814E5-F839-4253-ABF3-DC13EAF41DAA}"
EndProject
Project("{FAE04EC0-301F-11D3-BF4B-00C04F79EFBC}") = "AutoLotDataReader", "AutoLotDataReader\AutoLotDataReader.csproj", "{FBC6B959-0A93-4A9F-8A95-B72217DBA3BD}"
EndProject
Global
	GlobalSection(SolutionConfigurationPlatforms) = preSolution
		Debug|Any CPU = Debug|Any CPU
		Debug|x86 = Debug|x86
		Release|Any CPU = Release|Any CPU
		Release|x86 = Release|x86
	EndGlobalSection
	GlobalSection(ProjectConfigurationPlatforms) = postSolution
		{DA263DE4-6610-42DE-B2BB-DCEF06115FA0}.Debug|Any CPU.ActiveCfg = Debug|Any CPU
		{DA263DE4-6610-42DE-B2BB-DCEF06115FA0}.Debug|Any CPU.Build.0 = Debug|Any CPU
		{DA263DE4-6610-42DE-B2BB-DCEF06115FA0}.Debug|x86.ActiveCfg = Debug|Any CPU
		{DA263DE4-6610-42DE-B2BB-DCEF06115FA0}.Debug|x86.Build.0 = Debug|Any CPU
		{DA263DE4-6610-42DE-B2BB-DCEF06115FA0}.Release|Any CPU.ActiveCfg = Release|Any CPU
		{DA263DE4-6610-42DE-B2BB-DCEF06115FA0}.Release|Any CPU.Build.0 = Release|Any CPU
		{DA263DE4-6610-42DE-B2BB-DCEF06115FA0}.Release|x86.ActiveCfg = Release|Any CPU
		{DA263DE4-6610-42DE-B2BB-DCEF06115FA0}.Release|x86.Build.0 = Release|Any CPU
		{8E5CD107-A3E0-4C96-9A18-A2F294678802}.Debug|Any CPU.ActiveCfg = Debug|Any CPU
		{8E5CD107-A3E0-4C96-9A18-A2F294678802}.Debug|Any CPU.Build.0 = Debug|Any CPU
		{8E5CD107-A3E0-4C96-9A18-A2F294678802}.Debug|x86.ActiveCfg = Debug|Any CPU
		{8E5CD107-A3E0-4C96-9A18-A2F294678802}.Debug|x86.Build.0 = Debug|Any CPU
		{8E5CD107-A3E0-4C96-9A18-A2F294678802}.Release|Any CPU.ActiveCfg = Release|Any CPU
		{8E5CD107-A3E0-4C96-9A18-A2F294678802}.Release|Any CPU.Build.0 = Release|Any CPU
		{8E5CD107-A3E0-4C96-9A18-A2F294678802}.Release|x86.ActiveCfg = Release|Any CPU
		{8E5CD107-A3E0-4C96-9A18-A2F294678802}.Release|x86.Build.0 = Release|Any CPU
		{74E3FFF6-EC14-4D5D-BE74-DA789A5297BD}.Debug|Any CPU.ActiveCfg = Debug|Any CPU
		{74E3FFF6-EC14-4D5D-BE74-DA789A5297BD}.Debug|Any CPU.Build.0 = Debug|Any CPU
		{74E3FFF6-EC14-4D5D-BE74-DA789A5297BD}.Debug|x86.ActiveCfg = Debug|Any CPU
		{74E3FFF6-EC14-4D5D-BE74-DA789A5297BD}.Debug|x86.Build.0 = Debug|Any CPU
		{74E3FFF6-EC14-4D5D-BE74-DA789A5297BD}.Release|Any CPU.ActiveCfg = Release|Any CPU
		{74E3FFF6-EC14-4D5D-BE74-DA789A5297BD}.Release|Any CPU.Build.0 = Release|Any CPU
		{74E3FFF6-EC14-4D5D-BE74-DA789A5297BD}.Release|x86.ActiveCfg = Release|Any CPU
		{74E3FFF6-EC14-4D5D-BE74-DA789A5297BD}.Release|x86.Build.0 = Release|Any CPU
		{A23B10D2-5F0F-4CFA-B97A-0BF583A7053F}.Debug|Any CPU.ActiveCfg = Debug|Any CPU
		{A23B10D2-5F0F-4CFA-B97A-0BF583A7053F}.Debug|Any CPU.Build.0 = Debug|Any CPU
		{A23B10D2-5F0F-4CFA-B97A-0BF583A7053F}.Debug|x86.ActiveCfg = Debug|Any CPU
		{A23B10D2-5F0F-4CFA-B97A-0BF583A7053F}.Debug|x86.Build.0 = Debug|Any CPU
		{A23B10D2-5F0F-4CFA-B97A-0BF583A7053F}.Release|Any CPU.ActiveCfg = Release|Any CPU
		{A23B10D2-5F0F-4CFA-B97A-0BF583A7053F}.Release|Any CPU.Build.0 = Release|Any CPU
		{A23B10D2-5F0F-4CFA-B97A-0BF583A7053F}.Release|x86.ActiveCfg = Release|Any CPU
		{A23B10D2-5F0F-4CFA-B97A-0BF583A7053F}.Release|x86.Build.0 = Release|Any CPU
		{B0C6CEBE-4696-4DD3-8D24-3E21E611C2AB}.Debug|Any CPU.ActiveCfg = Debug|Any CPU
		{B0C6CEBE-4696-4DD3-8D24-3E21E611C2AB}.Debug|Any CPU.Build.0 = Debug|Any CPU
		{B0C6CEBE-4696-4DD3-8D24-3E21E611C2AB}.Debug|x86.ActiveCfg = Debug|Any CPU
		{B0C6CEBE-4696-4DD3-8D24-3E21E611C2AB}.Debug|x86.Build.0 = Debug|Any CPU
		{B0C6CEBE-4696-4DD3-8D24-3E21E611C2AB}.Release|Any CPU.ActiveCfg = Release|Any CPU
		{B0C6CEBE-4696-4DD3-8D24-3E21E611C2AB}.Release|Any CPU.Build.0 = Release|Any CPU
		{B0C6CEBE-4696-4DD3-8D24-3E21E611C2AB}.Release|x86.ActiveCfg = Release|Any CPU
		{B0C6CEBE-4696-4DD3-8D24-3E21E611C2AB}.Release|x86.Build.0 = Release|Any CPU
		{07DDB942-FA1B-4686-AD75-A6D0CA138611}.Debug|Any CPU.ActiveCfg = Debug|Any CPU
		{07DDB942-FA1B-4686-AD75-A6D0CA138611}.Debug|Any CPU.Build.0 = Debug|Any CPU
		{07DDB942-FA1B-4686-AD75-A6D0CA138611}.Debug|x86.ActiveCfg = Debug|Any CPU
		{07DDB942-FA1B-4686-AD75-A6D0CA138611}.Debug|x86.Build.0 = Debug|Any CPU
		{07DDB942-FA1B-4686-AD75-A6D0CA138611}.Release|Any CPU.ActiveCfg = Release|Any CPU
		{07DDB942-FA1B-4686-AD75-A6D0CA138611}.Release|Any CPU.Build.0 = Release|Any CPU
		{07DDB942-FA1B-4686-AD75-A6D0CA138611}.Release|x86.ActiveCfg = Release|Any CPU
		{07DDB942-FA1B-4686-AD75-A6D0CA138611}.Release|x86.Build.0 = Release|Any CPU
		{1E9B8FB4-A774-4BEC-A404-2439D2F99F23}.Debug|Any CPU.ActiveCfg = Debug|Any CPU
		{1E9B8FB4-A774-4BEC-A404-2439D2F99F23}.Debug|Any CPU.Build.0 = Debug|Any CPU
		{1E9B8FB4-A774-4BEC-A404-2439D2F99F23}.Debug|x86.ActiveCfg = Debug|Any CPU
		{1E9B8FB4-A774-4BEC-A404-2439D2F99F23}.Debug|x86.Build.0 = Debug|Any CPU
		{1E9B8FB4-A774-4BEC-A404-2439D2F99F23}.Release|Any CPU.ActiveCfg = Release|Any CPU
		{1E9B8FB4-A774-4BEC-A404-2439D2F99F23}.Release|Any CPU.Build.0 = Release|Any CPU
		{1E9B8FB4-A774-4BEC-A404-2439D2F99F23}.Release|x86.ActiveCfg = Release|Any CPU
		{1E9B8FB4-A774-4BEC-A404-2439D2F99F23}.Release|x86.Build.0 = Release|Any CPU
		{E1BF1F60-A9E0-41C3-A36E-E6FE72968A78}.Debug|Any CPU.ActiveCfg = Debug|Any CPU
		{E1BF1F60-A9E0-41C3-A36E-E6FE72968A78}.Debug|Any CPU.Build.0 = Debug|Any CPU
		{E1BF1F60-A9E0-41C3-A36E-E6FE72968A78}.Debug|x86.ActiveCfg = Debug|Any CPU
		{E1BF1F60-A9E0-41C3-A36E-E6FE72968A78}.Debug|x86.Build.0 = Debug|Any CPU
		{E1BF1F60-A9E0-41C3-A36E-E6FE72968A78}.Release|Any CPU.ActiveCfg = Release|Any CPU
		{E1BF1F60-A9E0-41C3-A36E-E6FE72968A78}.Release|Any CPU.Build.0 = Release|Any CPU
		{E1BF1F60-A9E0-41C3-A36E-E6FE72968A78}.Release|x86.ActiveCfg = Release|Any CPU
		{E1BF1F60-A9E0-41C3-A36E-E6FE72968A78}.Release|x86.Build.0 = Release|Any CPU
		{DCAC1308-4F89-4C1E-BE9E-37EB98CCD676}.Debug|Any CPU.ActiveCfg = Debug|Any CPU
		{DCAC1308-4F89-4C1E-BE9E-37EB98CCD676}.Debug|Any CPU.Build.0 = Debug|Any CPU
		{DCAC1308-4F89-4C1E-BE9E-37EB98CCD676}.Debug|x86.ActiveCfg = Debug|Any CPU
		{DCAC1308-4F89-4C1E-BE9E-37EB98CCD676}.Debug|x86.Build.0 = Debug|Any CPU
		{DCAC1308-4F89-4C1E-BE9E-37EB98CCD676}.Release|Any CPU.ActiveCfg = Release|Any CPU
		{DCAC1308-4F89-4C1E-BE9E-37EB98CCD676}.Release|Any CPU.Build.0 = Release|Any CPU
		{DCAC1308-4F89-4C1E-BE9E-37EB98CCD676}.Release|x86.ActiveCfg = Release|Any CPU
		{DCAC1308-4F89-4C1E-BE9E-37EB98CCD676}.Release|x86.Build.0 = Release|Any CPU
		{6D844F35-651F-4EFD-8996-9DB9F8BC44AC}.Debug|Any CPU.ActiveCfg = Debug|Any CPU
		{6D844F35-651F-4EFD-8996-9DB9F8BC44AC}.Debug|Any CPU.Build.0 = Debug|Any CPU
		{6D844F35-651F-4EFD-8996-9DB9F8BC44AC}.Debug|x86.ActiveCfg = Debug|Any CPU
		{6D844F35-651F-4EFD-8996-9DB9F8BC44AC}.Debug|x86.Build.0 = Debug|Any CPU
		{6D844F35-651F-4EFD-8996-9DB9F8BC44AC}.Release|Any CPU.ActiveCfg = Release|Any CPU
		{6D844F35-651F-4EFD-8996-9DB9F8BC44AC}.Release|Any CPU.Build.0 = Release|Any CPU
		{6D844F35-651F-4EFD-8996-9DB9F8BC44AC}.Release|x86.ActiveCfg = Release|Any CPU
		{6D844F35-651F-4EFD-8996-9DB9F8BC44AC}.Release|x86.Build.0 = Release|Any CPU
		{303333EE-4008-4F40-96D8-5D4407492131}.Debug|Any CPU.ActiveCfg = Debug|Any CPU
		{303333EE-4008-4F40-96D8-5D4407492131}.Debug|Any CPU.Build.0 = Debug|Any CPU
		{303333EE-4008-4F40-96D8-5D4407492131}.Debug|x86.ActiveCfg = Debug|Any CPU
		{303333EE-4008-4F40-96D8-5D4407492131}.Debug|x86.Build.0 = Debug|Any CPU
		{303333EE-4008-4F40-96D8-5D4407492131}.Release|Any CPU.ActiveCfg = Release|Any CPU
		{303333EE-4008-4F40-96D8-5D4407492131}.Release|Any CPU.Build.0 = Release|Any CPU
		{303333EE-4008-4F40-96D8-5D4407492131}.Release|x86.ActiveCfg = Release|Any CPU
		{303333EE-4008-4F40-96D8-5D4407492131}.Release|x86.Build.0 = Release|Any CPU
		{9BC1C07B-E6DF-4CA2-B018-D91838BFD9F0}.Debug|Any CPU.ActiveCfg = Debug|Any CPU
		{9BC1C07B-E6DF-4CA2-B018-D91838BFD9F0}.Debug|Any CPU.Build.0 = Debug|Any CPU
		{9BC1C07B-E6DF-4CA2-B018-D91838BFD9F0}.Debug|x86.ActiveCfg = Debug|Any CPU
		{9BC1C07B-E6DF-4CA2-B018-D91838BFD9F0}.Debug|x86.Build.0 = Debug|Any CPU
		{9BC1C07B-E6DF-4CA2-B018-D91838BFD9F0}.Release|Any CPU.ActiveCfg = Release|Any CPU
		{9BC1C07B-E6DF-4CA2-B018-D91838BFD9F0}.Release|Any CPU.Build.0 = Release|Any CPU
		{9BC1C07B-E6DF-4CA2-B018-D91838BFD9F0}.Release|x86.ActiveCfg = Release|Any CPU
		{9BC1C07B-E6DF-4CA2-B018-D91838BFD9F0}.Release|x86.Build.0 = Release|Any CPU
		{B1BDDDB3-1C88-4C4D-B4B2-E560720A79C7}.Debug|Any CPU.ActiveCfg = Debug|Any CPU
		{B1BDDDB3-1C88-4C4D-B4B2-E560720A79C7}.Debug|Any CPU.Build.0 = Debug|Any CPU
		{B1BDDDB3-1C88-4C4D-B4B2-E560720A79C7}.Debug|x86.ActiveCfg = Debug|Any CPU
		{B1BDDDB3-1C88-4C4D-B4B2-E560720A79C7}.Debug|x86.Build.0 = Debug|Any CPU
		{B1BDDDB3-1C88-4C4D-B4B2-E560720A79C7}.Release|Any CPU.ActiveCfg = Release|Any CPU
		{B1BDDDB3-1C88-4C4D-B4B2-E560720A79C7}.Release|Any CPU.Build.0 = Release|Any CPU
		{B1BDDDB3-1C88-4C4D-B4B2-E560720A79C7}.Release|x86.ActiveCfg = Release|Any CPU
		{B1BDDDB3-1C88-4C4D-B4B2-E560720A79C7}.Release|x86.Build.0 = Release|Any CPU
		{F95EF700-34B4-405B-86C9-D9403FB74FCC}.Debug|Any CPU.ActiveCfg = Debug|Any CPU
		{F95EF700-34B4-405B-86C9-D9403FB74FCC}.Debug|Any CPU.Build.0 = Debug|Any CPU
		{F95EF700-34B4-405B-86C9-D9403FB74FCC}.Debug|x86.ActiveCfg = Debug|Any CPU
		{F95EF700-34B4-405B-86C9-D9403FB74FCC}.Debug|x86.Build.0 = Debug|Any CPU
		{F95EF700-34B4-405B-86C9-D9403FB74FCC}.Release|Any CPU.ActiveCfg = Release|Any CPU
		{F95EF700-34B4-405B-86C9-D9403FB74FCC}.Release|Any CPU.Build.0 = Release|Any CPU
		{F95EF700-34B4-405B-86C9-D9403FB74FCC}.Release|x86.ActiveCfg = Release|Any CPU
		{F95EF700-34B4-405B-86C9-D9403FB74FCC}.Release|x86.Build.0 = Release|Any CPU
		{D30FBC95-6F00-4A2E-8E40-62D320403369}.Debug|Any CPU.ActiveCfg = Debug|Any CPU
		{D30FBC95-6F00-4A2E-8E40-62D320403369}.Debug|Any CPU.Build.0 = Debug|Any CPU
		{D30FBC95-6F00-4A2E-8E40-62D320403369}.Debug|x86.ActiveCfg = Debug|Any CPU
		{D30FBC95-6F00-4A2E-8E40-62D320403369}.Debug|x86.Build.0 = Debug|Any CPU
		{D30FBC95-6F00-4A2E-8E40-62D320403369}.Release|Any CPU.ActiveCfg = Release|Any CPU
		{D30FBC95-6F00-4A2E-8E40-62D320403369}.Release|Any CPU.Build.0 = Release|Any CPU
		{D30FBC95-6F00-4A2E-8E40-62D320403369}.Release|x86.ActiveCfg = Release|Any CPU
		{D30FBC95-6F00-4A2E-8E40-62D320403369}.Release|x86.Build.0 = Release|Any CPU
		{F49B3108-AC4F-44C4-8278-7D39BC31EF9E}.Debug|Any CPU.ActiveCfg = Debug|Any CPU
		{F49B3108-AC4F-44C4-8278-7D39BC31EF9E}.Debug|Any CPU.Build.0 = Debug|Any CPU
		{F49B3108-AC4F-44C4-8278-7D39BC31EF9E}.Debug|x86.ActiveCfg = Debug|Any CPU
		{F49B3108-AC4F-44C4-8278-7D39BC31EF9E}.Debug|x86.Build.0 = Debug|Any CPU
		{F49B3108-AC4F-44C4-8278-7D39BC31EF9E}.Release|Any CPU.ActiveCfg = Release|Any CPU
		{F49B3108-AC4F-44C4-8278-7D39BC31EF9E}.Release|Any CPU.Build.0 = Release|Any CPU
		{F49B3108-AC4F-44C4-8278-7D39BC31EF9E}.Release|x86.ActiveCfg = Release|Any CPU
		{F49B3108-AC4F-44C4-8278-7D39BC31EF9E}.Release|x86.Build.0 = Release|Any CPU
		{A675D323-77FD-4D6D-AC1D-8EAF4707EA77}.Debug|Any CPU.ActiveCfg = Debug|Any CPU
		{A675D323-77FD-4D6D-AC1D-8EAF4707EA77}.Debug|Any CPU.Build.0 = Debug|Any CPU
		{A675D323-77FD-4D6D-AC1D-8EAF4707EA77}.Debug|x86.ActiveCfg = Debug|Any CPU
		{A675D323-77FD-4D6D-AC1D-8EAF4707EA77}.Debug|x86.Build.0 = Debug|Any CPU
		{A675D323-77FD-4D6D-AC1D-8EAF4707EA77}.Release|Any CPU.ActiveCfg = Release|Any CPU
		{A675D323-77FD-4D6D-AC1D-8EAF4707EA77}.Release|Any CPU.Build.0 = Release|Any CPU
		{A675D323-77FD-4D6D-AC1D-8EAF4707EA77}.Release|x86.ActiveCfg = Release|Any CPU
		{A675D323-77FD-4D6D-AC1D-8EAF4707EA77}.Release|x86.Build.0 = Release|Any CPU
		{B7EA3F90-C84F-4C71-9585-0A2E6AE66E74}.Debug|Any CPU.ActiveCfg = Debug|Any CPU
		{B7EA3F90-C84F-4C71-9585-0A2E6AE66E74}.Debug|Any CPU.Build.0 = Debug|Any CPU
		{B7EA3F90-C84F-4C71-9585-0A2E6AE66E74}.Debug|x86.ActiveCfg = Debug|Any CPU
		{B7EA3F90-C84F-4C71-9585-0A2E6AE66E74}.Debug|x86.Build.0 = Debug|Any CPU
		{B7EA3F90-C84F-4C71-9585-0A2E6AE66E74}.Release|Any CPU.ActiveCfg = Release|Any CPU
		{B7EA3F90-C84F-4C71-9585-0A2E6AE66E74}.Release|Any CPU.Build.0 = Release|Any CPU
		{B7EA3F90-C84F-4C71-9585-0A2E6AE66E74}.Release|x86.ActiveCfg = Release|Any CPU
		{B7EA3F90-C84F-4C71-9585-0A2E6AE66E74}.Release|x86.Build.0 = Release|Any CPU
		{65B7B754-A36D-40D4-9B8D-5D887C7D0B89}.Debug|Any CPU.ActiveCfg = Debug|Any CPU
		{65B7B754-A36D-40D4-9B8D-5D887C7D0B89}.Debug|Any CPU.Build.0 = Debug|Any CPU
		{65B7B754-A36D-40D4-9B8D-5D887C7D0B89}.Debug|x86.ActiveCfg = Debug|Any CPU
		{65B7B754-A36D-40D4-9B8D-5D887C7D0B89}.Debug|x86.Build.0 = Debug|Any CPU
		{65B7B754-A36D-40D4-9B8D-5D887C7D0B89}.Release|Any CPU.ActiveCfg = Release|Any CPU
		{65B7B754-A36D-40D4-9B8D-5D887C7D0B89}.Release|Any CPU.Build.0 = Release|Any CPU
		{65B7B754-A36D-40D4-9B8D-5D887C7D0B89}.Release|x86.ActiveCfg = Release|Any CPU
		{65B7B754-A36D-40D4-9B8D-5D887C7D0B89}.Release|x86.Build.0 = Release|Any CPU
		{0A42EE2C-DC85-4FAF-8271-E414A255F502}.Debug|Any CPU.ActiveCfg = Debug|x86
		{0A42EE2C-DC85-4FAF-8271-E414A255F502}.Debug|x86.ActiveCfg = Debug|x86
		{0A42EE2C-DC85-4FAF-8271-E414A255F502}.Debug|x86.Build.0 = Debug|x86
		{0A42EE2C-DC85-4FAF-8271-E414A255F502}.Release|Any CPU.ActiveCfg = Release|x86
		{0A42EE2C-DC85-4FAF-8271-E414A255F502}.Release|x86.ActiveCfg = Release|x86
		{0A42EE2C-DC85-4FAF-8271-E414A255F502}.Release|x86.Build.0 = Release|x86
		{A61DDCFA-024B-4F77-B5AB-E33EC612F17A}.Debug|Any CPU.ActiveCfg = Debug|Any CPU
		{A61DDCFA-024B-4F77-B5AB-E33EC612F17A}.Debug|Any CPU.Build.0 = Debug|Any CPU
		{A61DDCFA-024B-4F77-B5AB-E33EC612F17A}.Debug|x86.ActiveCfg = Debug|Any CPU
		{A61DDCFA-024B-4F77-B5AB-E33EC612F17A}.Debug|x86.Build.0 = Debug|Any CPU
		{A61DDCFA-024B-4F77-B5AB-E33EC612F17A}.Release|Any CPU.ActiveCfg = Release|Any CPU
		{A61DDCFA-024B-4F77-B5AB-E33EC612F17A}.Release|Any CPU.Build.0 = Release|Any CPU
		{A61DDCFA-024B-4F77-B5AB-E33EC612F17A}.Release|x86.ActiveCfg = Release|Any CPU
		{A61DDCFA-024B-4F77-B5AB-E33EC612F17A}.Release|x86.Build.0 = Release|Any CPU
		{6135338F-93D1-4D64-8416-4F2716A96066}.Debug|Any CPU.ActiveCfg = Debug|Any CPU
		{6135338F-93D1-4D64-8416-4F2716A96066}.Debug|Any CPU.Build.0 = Debug|Any CPU
		{6135338F-93D1-4D64-8416-4F2716A96066}.Debug|x86.ActiveCfg = Debug|Any CPU
		{6135338F-93D1-4D64-8416-4F2716A96066}.Debug|x86.Build.0 = Debug|Any CPU
		{6135338F-93D1-4D64-8416-4F2716A96066}.Release|Any CPU.ActiveCfg = Release|Any CPU
		{6135338F-93D1-4D64-8416-4F2716A96066}.Release|Any CPU.Build.0 = Release|Any CPU
		{6135338F-93D1-4D64-8416-4F2716A96066}.Release|x86.ActiveCfg = Release|Any CPU
		{6135338F-93D1-4D64-8416-4F2716A96066}.Release|x86.Build.0 = Release|Any CPU
		{22578354-16E2-4C28-B1D1-58F8E23CC45D}.Debug|Any CPU.ActiveCfg = Debug|Any CPU
		{22578354-16E2-4C28-B1D1-58F8E23CC45D}.Debug|Any CPU.Build.0 = Debug|Any CPU
		{22578354-16E2-4C28-B1D1-58F8E23CC45D}.Debug|x86.ActiveCfg = Debug|Any CPU
		{22578354-16E2-4C28-B1D1-58F8E23CC45D}.Debug|x86.Build.0 = Debug|Any CPU
		{22578354-16E2-4C28-B1D1-58F8E23CC45D}.Release|Any CPU.ActiveCfg = Release|Any CPU
		{22578354-16E2-4C28-B1D1-58F8E23CC45D}.Release|Any CPU.Build.0 = Release|Any CPU
		{22578354-16E2-4C28-B1D1-58F8E23CC45D}.Release|x86.ActiveCfg = Release|Any CPU
		{22578354-16E2-4C28-B1D1-58F8E23CC45D}.Release|x86.Build.0 = Release|Any CPU
		{25703D6A-9FDC-4AED-9CDF-C0ECFAAD375D}.Debug|Any CPU.ActiveCfg = Debug|Any CPU
		{25703D6A-9FDC-4AED-9CDF-C0ECFAAD375D}.Debug|Any CPU.Build.0 = Debug|Any CPU
		{25703D6A-9FDC-4AED-9CDF-C0ECFAAD375D}.Debug|x86.ActiveCfg = Debug|Any CPU
		{25703D6A-9FDC-4AED-9CDF-C0ECFAAD375D}.Debug|x86.Build.0 = Debug|Any CPU
		{25703D6A-9FDC-4AED-9CDF-C0ECFAAD375D}.Release|Any CPU.ActiveCfg = Release|Any CPU
		{25703D6A-9FDC-4AED-9CDF-C0ECFAAD375D}.Release|Any CPU.Build.0 = Release|Any CPU
		{25703D6A-9FDC-4AED-9CDF-C0ECFAAD375D}.Release|x86.ActiveCfg = Release|Any CPU
		{25703D6A-9FDC-4AED-9CDF-C0ECFAAD375D}.Release|x86.Build.0 = Release|Any CPU
		{22664CE6-8FF9-44BA-AF74-BB25C3FF3F1D}.Debug|Any CPU.ActiveCfg = Debug|Any CPU
		{22664CE6-8FF9-44BA-AF74-BB25C3FF3F1D}.Debug|Any CPU.Build.0 = Debug|Any CPU
		{22664CE6-8FF9-44BA-AF74-BB25C3FF3F1D}.Debug|x86.ActiveCfg = Debug|Any CPU
		{22664CE6-8FF9-44BA-AF74-BB25C3FF3F1D}.Debug|x86.Build.0 = Debug|Any CPU
		{22664CE6-8FF9-44BA-AF74-BB25C3FF3F1D}.Release|Any CPU.ActiveCfg = Release|Any CPU
		{22664CE6-8FF9-44BA-AF74-BB25C3FF3F1D}.Release|Any CPU.Build.0 = Release|Any CPU
		{22664CE6-8FF9-44BA-AF74-BB25C3FF3F1D}.Release|x86.ActiveCfg = Release|Any CPU
		{22664CE6-8FF9-44BA-AF74-BB25C3FF3F1D}.Release|x86.Build.0 = Release|Any CPU
		{95FCD9D9-8512-475B-8996-83234B2E76AA}.Debug|Any CPU.ActiveCfg = Debug|Any CPU
		{95FCD9D9-8512-475B-8996-83234B2E76AA}.Debug|Any CPU.Build.0 = Debug|Any CPU
		{95FCD9D9-8512-475B-8996-83234B2E76AA}.Debug|x86.ActiveCfg = Debug|Any CPU
		{95FCD9D9-8512-475B-8996-83234B2E76AA}.Debug|x86.Build.0 = Debug|Any CPU
		{95FCD9D9-8512-475B-8996-83234B2E76AA}.Release|Any CPU.ActiveCfg = Release|Any CPU
		{95FCD9D9-8512-475B-8996-83234B2E76AA}.Release|Any CPU.Build.0 = Release|Any CPU
		{95FCD9D9-8512-475B-8996-83234B2E76AA}.Release|x86.ActiveCfg = Release|Any CPU
		{95FCD9D9-8512-475B-8996-83234B2E76AA}.Release|x86.Build.0 = Release|Any CPU
		{982B86F0-EBF1-421D-BE1A-948430B35705}.Debug|Any CPU.ActiveCfg = Debug|Any CPU
		{982B86F0-EBF1-421D-BE1A-948430B35705}.Debug|Any CPU.Build.0 = Debug|Any CPU
		{982B86F0-EBF1-421D-BE1A-948430B35705}.Debug|x86.ActiveCfg = Debug|Any CPU
		{982B86F0-EBF1-421D-BE1A-948430B35705}.Debug|x86.Build.0 = Debug|Any CPU
		{982B86F0-EBF1-421D-BE1A-948430B35705}.Release|Any CPU.ActiveCfg = Release|Any CPU
		{982B86F0-EBF1-421D-BE1A-948430B35705}.Release|Any CPU.Build.0 = Release|Any CPU
		{982B86F0-EBF1-421D-BE1A-948430B35705}.Release|x86.ActiveCfg = Release|Any CPU
		{982B86F0-EBF1-421D-BE1A-948430B35705}.Release|x86.Build.0 = Release|Any CPU
		{A7D814E5-F839-4253-ABF3-DC13EAF41DAA}.Debug|Any CPU.ActiveCfg = Debug|Any CPU
		{A7D814E5-F839-4253-ABF3-DC13EAF41DAA}.Debug|Any CPU.Build.0 = Debug|Any CPU
		{A7D814E5-F839-4253-ABF3-DC13EAF41DAA}.Debug|x86.ActiveCfg = Debug|Any CPU
		{A7D814E5-F839-4253-ABF3-DC13EAF41DAA}.Debug|x86.Build.0 = Debug|Any CPU
		{A7D814E5-F839-4253-ABF3-DC13EAF41DAA}.Release|Any CPU.ActiveCfg = Release|Any CPU
		{A7D814E5-F839-4253-ABF3-DC13EAF41DAA}.Release|Any CPU.Build.0 = Release|Any CPU
		{A7D814E5-F839-4253-ABF3-DC13EAF41DAA}.Release|x86.ActiveCfg = Release|Any CPU
		{A7D814E5-F839-4253-ABF3-DC13EAF41DAA}.Release|x86.Build.0 = Release|Any CPU
		{FBC6B959-0A93-4A9F-8A95-B72217DBA3BD}.Debug|Any CPU.ActiveCfg = Debug|Any CPU
		{FBC6B959-0A93-4A9F-8A95-B72217DBA3BD}.Debug|Any CPU.Build.0 = Debug|Any CPU
		{FBC6B959-0A93-4A9F-8A95-B72217DBA3BD}.Debug|x86.ActiveCfg = Debug|Any CPU
		{FBC6B959-0A93-4A9F-8A95-B72217DBA3BD}.Debug|x86.Build.0 = Debug|Any CPU
		{FBC6B959-0A93-4A9F-8A95-B72217DBA3BD}.Release|Any CPU.ActiveCfg = Release|Any CPU
		{FBC6B959-0A93-4A9F-8A95-B72217DBA3BD}.Release|Any CPU.Build.0 = Release|Any CPU
		{FBC6B959-0A93-4A9F-8A95-B72217DBA3BD}.Release|x86.ActiveCfg = Release|Any CPU
		{FBC6B959-0A93-4A9F-8A95-B72217DBA3BD}.Release|x86.Build.0 = Release|Any CPU
	EndGlobalSection
	GlobalSection(SolutionProperties) = preSolution
		HideSolutionNode = FALSE
	EndGlobalSection
EndGlobal
